
Microsoft Visual Studio Solution File, Format Version 12.00
# Visual Studio Version 17
VisualStudioVersion = 17.7.34031.279
MinimumVisualStudioVersion = 10.0.40219.1
Project("{9A19103F-16F7-4668-BE54-9A1E7A4F7556}") = "DestarionBot", "DestarionBot.csproj", "{0EBDCCD2-0E79-412F-9973-17A823B282A9}"
EndProject
Project("{2150E333-8FDC-42A3-9474-1A3956D46DE8}") = "Элементы решения", "Элементы решения", "{FA35A7DF-B160-4014-828A-4CD8512736B4}"
	ProjectSection(SolutionItems) = preProject
		appsettings.json = appsettings.json
	EndProjectSection
EndProject
Global
	GlobalSection(SolutionConfigurationPlatforms) = preSolution
		Debug|Any CPU = Debug|Any CPU
		Release|Any CPU = Release|Any CPU
	EndGlobalSection
	GlobalSection(ProjectConfigurationPlatforms) = postSolution
		{0EBDCCD2-0E79-412F-9973-17A823B282A9}.Debug|Any CPU.ActiveCfg = Debug|Any CPU
		{0EBDCCD2-0E79-412F-9973-17A823B282A9}.Debug|Any CPU.Build.0 = Debug|Any CPU
		{0EBDCCD2-0E79-412F-9973-17A823B282A9}.Release|Any CPU.ActiveCfg = Release|Any CPU
		{0EBDCCD2-0E79-412F-9973-17A823B282A9}.Release|Any CPU.Build.0 = Release|Any CPU
	EndGlobalSection
	GlobalSection(SolutionProperties) = preSolution
		HideSolutionNode = FALSE
	EndGlobalSection
	GlobalSection(ExtensibilityGlobals) = postSolution
		SolutionGuid = {4E694187-5687-481B-9A75-79FE106FF2C6}
	EndGlobalSection
EndGlobal
